
Microsoft Visual Studio Solution File, Format Version 12.00
# Visual Studio Version 17
VisualStudioVersion = 17.9.34526.213
MinimumVisualStudioVersion = 10.0.40219.1
Project("{FAE04EC0-301F-11D3-BF4B-00C04F79EFBC}") = "GraphQlPlayground", "GraphQlPlayground\GraphQlPlayground.csproj", "{03C68269-EEC2-4D9D-9BF7-06DBE7785CA1}"
EndProject
Global
	GlobalSection(SolutionConfigurationPlatforms) = preSolution
		Debug|Any CPU = Debug|Any CPU
		Release|Any CPU = Release|Any CPU
	EndGlobalSection
	GlobalSection(ProjectConfigurationPlatforms) = postSolution
		{03C68269-EEC2-4D9D-9BF7-06DBE7785CA1}.Debug|Any CPU.ActiveCfg = Debug|Any CPU
		{03C68269-EEC2-4D9D-9BF7-06DBE7785CA1}.Debug|Any CPU.Build.0 = Debug|Any CPU
		{03C68269-EEC2-4D9D-9BF7-06DBE7785CA1}.Release|Any CPU.ActiveCfg = Release|Any CPU
		{03C68269-EEC2-4D9D-9BF7-06DBE7785CA1}.Release|Any CPU.Build.0 = Release|Any CPU
	EndGlobalSection
	GlobalSection(SolutionProperties) = preSolution
		HideSolutionNode = FALSE
	EndGlobalSection
	GlobalSection(ExtensibilityGlobals) = postSolution
		SolutionGuid = {84AE76DE-F6D7-435D-A7DB-D0CD78D7CBC2}
	EndGlobalSection
EndGlobal
